{
  "version": 4,
  "terraform_version": "1.5.7",
  "serial": 130,
  "lineage": "4b0a481e-8b51-58ee-814b-77d19bc35e00",
  "outputs": {},
  "resources": [
    {
      "module": "module.dataflow_data",
      "mode": "managed",
      "type": "google_artifact_registry_repository",
      "name": "repo",
      "provider": "provider[\"registry.terraform.io/hashicorp/google\"]",
      "instances": [
        {
          "schema_version": 0,
          "attributes": {
            "create_time": "2025-02-17T19:33:40.848571Z",
            "description": "",
            "docker_config": [],
            "format": "DOCKER",
            "id": "projects/edem-2425/locations/europe-west1/repositories/data-flow-repodos",
            "kms_key_name": "",
            "labels": null,
            "location": "europe-west1",
            "maven_config": [],
            "mode": "STANDARD_REPOSITORY",
            "name": "data-flow-repodos",
            "project": "edem-2425",
            "remote_repository_config": [],
            "repository_id": "data-flow-repodos",
            "timeouts": null,
            "update_time": "2025-02-17T19:33:40.848571Z",
            "virtual_repository_config": []
          },
          "sensitive_attributes": [],
          "private": "eyJlMmJmYjczMC1lY2FhLTExZTYtOGY4OC0zNDM2M2JjN2M0YzAiOnsiY3JlYXRlIjoxMjAwMDAwMDAwMDAwLCJkZWxldGUiOjEyMDAwMDAwMDAwMDAsInVwZGF0ZSI6MTIwMDAwMDAwMDAwMH19"
        }
      ]
    },
    {
      "module": "module.dataflow_data",
      "mode": "managed",
      "type": "google_cloud_run_v2_job",
      "name": "dataflow_job",
      "provider": "provider[\"registry.terraform.io/hashicorp/google\"]",
      "instances": [
        {
          "schema_version": 0,
          "attributes": {
            "annotations": null,
            "binary_authorization": [],
            "client": "",
            "client_version": "",
            "conditions": [],
            "create_time": "2025-02-17T19:34:08.883646Z",
            "creator": "",
            "delete_time": "",
            "etag": "\"CLCezr0GELC8raUD/cHJvamVjdHMvZWRlbS0yNDI1L2xvY2F0aW9ucy9ldXJvcGUtd2VzdDEvam9icy9kYXRhZmxvdy1qb2I\"",
            "execution_count": 0,
            "expire_time": "",
            "generation": "1",
            "id": "projects/edem-2425/locations/europe-west1/jobs/dataflow-job",
            "labels": null,
            "last_modifier": "",
            "latest_created_execution": [],
            "launch_stage": "GA",
            "location": "europe-west1",
            "name": "dataflow-job",
            "observed_generation": "1",
            "project": "edem-2425",
            "reconciling": false,
            "template": [
              {
                "annotations": null,
                "labels": null,
                "parallelism": 0,
                "task_count": 1,
                "template": [
                  {
                    "containers": [
                      {
                        "args": null,
                        "command": null,
                        "env": [
                          {
                            "name": "PROJECT_ID",
                            "value": "edem-2425",
                            "value_source": []
                          },
                          {
                            "name": "REGION",
                            "value": "europe-west1",
                            "value_source": []
                          },
                          {
                            "name": "AFFECTED_SUB",
                            "value": "affected-sub",
                            "value_source": []
                          },
                          {
                            "name": "VOLUNTEER_SUB",
                            "value": "volunteer-sub",
                            "value_source": []
                          },
                          {
                            "name": "AFFECTED_TOPIC",
                            "value": "affected",
                            "value_source": []
                          },
                          {
                            "name": "VOLUNTEER_TOPIC",
                            "value": "volunteer",
                            "value_source": []
                          },
                          {
                            "name": "BQ_DATASET",
                            "value": "volunteer_matching",
                            "value_source": []
                          },
                          {
                            "name": "MATCHED_TABLE",
                            "value": "matched",
                            "value_source": []
                          },
                          {
                            "name": "UNMATCHED_TABLE",
                            "value": "unmatched",
                            "value_source": []
                          },
                          {
                            "name": "TEMP_LOCATION",
                            "value": "gs://dataflow-bucket-data-project-2425-edem/tmp",
                            "value_source": []
                          },
                          {
                            "name": "STAGING_LOCATION",
                            "value": "gs://dataflow-bucket-data-project-2425-edem/stg",
                            "value_source": []
                          }
                        ],
                        "image": "europe-west1-docker.pkg.dev/edem-2425/data-flow-repodos/dflow-data:latest",
                        "liveness_probe": [],
                        "name": "",
                        "ports": [],
                        "resources": [
                          {
                            "limits": {
                              "cpu": "4",
                              "memory": "16Gi"
                            }
                          }
                        ],
                        "startup_probe": [],
                        "volume_mounts": [],
                        "working_dir": ""
                      }
                    ],
                    "encryption_key": "",
                    "execution_environment": "EXECUTION_ENVIRONMENT_GEN2",
                    "max_retries": 3,
                    "service_account": "806578128973-compute@developer.gserviceaccount.com",
                    "timeout": "600s",
                    "volumes": [],
                    "vpc_access": []
                  }
                ]
              }
            ],
            "terminal_condition": [
              {
                "execution_reason": "",
                "last_transition_time": "2025-02-17T19:34:09.028712Z",
                "message": "",
                "reason": "",
                "revision_reason": "",
                "severity": "",
                "state": "CONDITION_SUCCEEDED",
                "type": "Ready"
              }
            ],
            "timeouts": null,
            "uid": "182dc8c0-256c-4b11-b674-76d9733dfd7d",
            "update_time": "2025-02-17T19:34:08.883646Z"
          },
          "sensitive_attributes": [],
          "private": "eyJlMmJmYjczMC1lY2FhLTExZTYtOGY4OC0zNDM2M2JjN2M0YzAiOnsiY3JlYXRlIjoxMjAwMDAwMDAwMDAwLCJkZWxldGUiOjEyMDAwMDAwMDAwMDAsInVwZGF0ZSI6MTIwMDAwMDAwMDAwMH19",
          "dependencies": [
            "module.dataflow_data.google_artifact_registry_repository.repo",
            "module.dataflow_data.null_resource.build_and_push_docker"
          ]
        }
      ]
    },
    {
      "module": "module.dataflow_data",
      "mode": "managed",
      "type": "google_storage_bucket",
      "name": "dataflow_bucket",
      "provider": "provider[\"registry.terraform.io/hashicorp/google\"]",
      "instances": [
        {
          "schema_version": 0,
          "attributes": {
            "autoclass": [],
            "cors": [],
            "custom_placement_config": [],
            "default_event_based_hold": false,
            "encryption": [],
            "force_destroy": false,
            "id": "dataflow-bucket-data-project-2425-edem",
            "labels": {},
            "lifecycle_rule": [],
            "location": "EUROPE-WEST1",
            "logging": [],
            "name": "dataflow-bucket-data-project-2425-edem",
            "project": "edem-2425",
            "public_access_prevention": "inherited",
            "requester_pays": false,
            "retention_policy": [],
            "self_link": "https://www.googleapis.com/storage/v1/b/dataflow-bucket-data-project-2425-edem",
            "soft_delete_policy": [
              {
                "effective_time": "2025-02-17T19:33:40.748Z",
                "retention_duration_seconds": 604800
              }
            ],
            "storage_class": "STANDARD",
            "timeouts": null,
            "uniform_bucket_level_access": false,
            "url": "gs://dataflow-bucket-data-project-2425-edem",
            "versioning": [],
            "website": []
          },
          "sensitive_attributes": [],
          "private": "eyJlMmJmYjczMC1lY2FhLTExZTYtOGY4OC0zNDM2M2JjN2M0YzAiOnsiY3JlYXRlIjo2MDAwMDAwMDAwMDAsInJlYWQiOjI0MDAwMDAwMDAwMCwidXBkYXRlIjoyNDAwMDAwMDAwMDB9fQ=="
        }
      ]
    },
    {
      "module": "module.dataflow_data",
      "mode": "managed",
      "type": "google_storage_bucket_object",
      "name": "stg_folder",
      "provider": "provider[\"registry.terraform.io/hashicorp/google\"]",
      "instances": [
        {
          "schema_version": 0,
          "attributes": {
            "bucket": "dataflow-bucket-data-project-2425-edem",
            "cache_control": "",
            "content": " ",
            "content_disposition": "",
            "content_encoding": "",
            "content_language": "",
            "content_type": "text/plain; charset=utf-8",
            "crc32c": "csDdjw==",
            "customer_encryption": [],
            "detect_md5hash": "chXunH2dwinSkhpA6JnsXw==",
            "event_based_hold": false,
            "id": "dataflow-bucket-data-project-2425-edem-stg/",
            "kms_key_name": "",
            "md5hash": "chXunH2dwinSkhpA6JnsXw==",
            "media_link": "https://storage.googleapis.com/download/storage/v1/b/dataflow-bucket-data-project-2425-edem/o/stg%2F?generation=1739820821511471\u0026alt=media",
            "metadata": null,
            "name": "stg/",
            "output_name": "stg/",
            "self_link": "https://www.googleapis.com/storage/v1/b/dataflow-bucket-data-project-2425-edem/o/stg%2F",
            "source": null,
            "storage_class": "STANDARD",
            "temporary_hold": false,
            "timeouts": null
          },
          "sensitive_attributes": [],
          "private": "eyJlMmJmYjczMC1lY2FhLTExZTYtOGY4OC0zNDM2M2JjN2M0YzAiOnsiY3JlYXRlIjoyNDAwMDAwMDAwMDAsImRlbGV0ZSI6MjQwMDAwMDAwMDAwLCJ1cGRhdGUiOjI0MDAwMDAwMDAwMH19",
          "dependencies": [
            "module.dataflow_data.google_storage_bucket.dataflow_bucket"
          ]
        }
      ]
    },
    {
      "module": "module.dataflow_data",
      "mode": "managed",
      "type": "google_storage_bucket_object",
      "name": "tmp_folder",
      "provider": "provider[\"registry.terraform.io/hashicorp/google\"]",
      "instances": [
        {
          "schema_version": 0,
          "attributes": {
            "bucket": "dataflow-bucket-data-project-2425-edem",
            "cache_control": "",
            "content": " ",
            "content_disposition": "",
            "content_encoding": "",
            "content_language": "",
            "content_type": "text/plain; charset=utf-8",
            "crc32c": "csDdjw==",
            "customer_encryption": [],
            "detect_md5hash": "chXunH2dwinSkhpA6JnsXw==",
            "event_based_hold": false,
            "id": "dataflow-bucket-data-project-2425-edem-tmp/",
            "kms_key_name": "",
            "md5hash": "chXunH2dwinSkhpA6JnsXw==",
            "media_link": "https://storage.googleapis.com/download/storage/v1/b/dataflow-bucket-data-project-2425-edem/o/tmp%2F?generation=1739820821409637\u0026alt=media",
            "metadata": null,
            "name": "tmp/",
            "output_name": "tmp/",
            "self_link": "https://www.googleapis.com/storage/v1/b/dataflow-bucket-data-project-2425-edem/o/tmp%2F",
            "source": null,
            "storage_class": "STANDARD",
            "temporary_hold": false,
            "timeouts": null
          },
          "sensitive_attributes": [],
          "private": "eyJlMmJmYjczMC1lY2FhLTExZTYtOGY4OC0zNDM2M2JjN2M0YzAiOnsiY3JlYXRlIjoyNDAwMDAwMDAwMDAsImRlbGV0ZSI6MjQwMDAwMDAwMDAwLCJ1cGRhdGUiOjI0MDAwMDAwMDAwMH19",
          "dependencies": [
            "module.dataflow_data.google_storage_bucket.dataflow_bucket"
          ]
        }
      ]
    },
    {
      "module": "module.dataflow_data",
      "mode": "managed",
      "type": "null_resource",
      "name": "build_and_push_docker",
      "provider": "provider[\"registry.terraform.io/hashicorp/null\"]",
      "instances": [
        {
          "schema_version": 0,
          "attributes": {
            "id": "2720257341884822118",
            "triggers": null
          },
          "sensitive_attributes": [],
          "dependencies": [
            "module.dataflow_data.google_artifact_registry_repository.repo"
          ]
        }
      ]
    },
    {
      "module": "module.generator_data",
      "mode": "managed",
      "type": "google_artifact_registry_repository",
      "name": "repo_generate",
      "provider": "provider[\"registry.terraform.io/hashicorp/google\"]",
      "instances": [
        {
          "schema_version": 0,
          "attributes": {
            "create_time": "2025-02-17T19:33:41.575897Z",
            "description": "",
            "docker_config": [],
            "format": "DOCKER",
            "id": "projects/edem-2425/locations/europe-west1/repositories/data-generate-repo",
            "kms_key_name": "",
            "labels": null,
            "location": "europe-west1",
            "maven_config": [],
            "mode": "STANDARD_REPOSITORY",
            "name": "data-generate-repo",
            "project": "edem-2425",
            "remote_repository_config": [],
            "repository_id": "data-generate-repo",
            "timeouts": null,
            "update_time": "2025-02-17T19:33:41.575897Z",
            "virtual_repository_config": []
          },
          "sensitive_attributes": [],
          "private": "eyJlMmJmYjczMC1lY2FhLTExZTYtOGY4OC0zNDM2M2JjN2M0YzAiOnsiY3JlYXRlIjoxMjAwMDAwMDAwMDAwLCJkZWxldGUiOjEyMDAwMDAwMDAwMDAsInVwZGF0ZSI6MTIwMDAwMDAwMDAwMH19"
        }
      ]
    },
    {
      "module": "module.generator_data",
      "mode": "managed",
      "type": "google_cloud_run_v2_job",
      "name": "generator_job",
      "provider": "provider[\"registry.terraform.io/hashicorp/google\"]",
      "instances": [
        {
          "schema_version": 0,
          "attributes": {
            "annotations": null,
            "binary_authorization": [],
            "client": "",
            "client_version": "",
            "conditions": [],
            "create_time": "2025-02-17T19:34:04.382580Z",
            "creator": "",
            "delete_time": "",
            "etag": "\"CKyezr0GEKDqtrYB/cHJvamVjdHMvZWRlbS0yNDI1L2xvY2F0aW9ucy9ldXJvcGUtd2VzdDEvam9icy9nZW5lcmF0b3Itam9i\"",
            "execution_count": 0,
            "expire_time": "",
            "generation": "1",
            "id": "projects/edem-2425/locations/europe-west1/jobs/generator-job",
            "labels": null,
            "last_modifier": "",
            "latest_created_execution": [],
            "launch_stage": "GA",
            "location": "europe-west1",
            "name": "generator-job",
            "observed_generation": "1",
            "project": "edem-2425",
            "reconciling": false,
            "template": [
              {
                "annotations": null,
                "labels": null,
                "parallelism": 0,
                "task_count": 1,
                "template": [
                  {
                    "containers": [
                      {
                        "args": null,
                        "command": null,
                        "env": [
                          {
                            "name": "PROJECT_ID",
                            "value": "edem-2425",
                            "value_source": []
                          },
                          {
                            "name": "AFFECTED_TOPIC",
                            "value": "affected",
                            "value_source": []
                          },
                          {
                            "name": "VOLUNTEER_TOPIC",
                            "value": "volunteer",
                            "value_source": []
                          }
                        ],
                        "image": "europe-west1-docker.pkg.dev/edem-2425/data-generate-repo/generator-data:latest",
                        "liveness_probe": [],
                        "name": "",
                        "ports": [],
                        "resources": [
                          {
                            "limits": {
                              "cpu": "4",
                              "memory": "16Gi"
                            }
                          }
                        ],
                        "startup_probe": [],
                        "volume_mounts": [],
                        "working_dir": ""
                      }
                    ],
                    "encryption_key": "",
                    "execution_environment": "EXECUTION_ENVIRONMENT_GEN2",
                    "max_retries": 3,
                    "service_account": "806578128973-compute@developer.gserviceaccount.com",
                    "timeout": "600s",
                    "volumes": [],
                    "vpc_access": []
                  }
                ]
              }
            ],
            "terminal_condition": [
              {
                "execution_reason": "",
                "last_transition_time": "2025-02-17T19:34:04.588445Z",
                "message": "",
                "reason": "",
                "revision_reason": "",
                "severity": "",
                "state": "CONDITION_SUCCEEDED",
                "type": "Ready"
              }
            ],
            "timeouts": null,
            "uid": "6b74a7e5-ca73-444b-824d-e2e50c01697a",
            "update_time": "2025-02-17T19:34:04.382580Z"
          },
          "sensitive_attributes": [],
          "private": "eyJlMmJmYjczMC1lY2FhLTExZTYtOGY4OC0zNDM2M2JjN2M0YzAiOnsiY3JlYXRlIjoxMjAwMDAwMDAwMDAwLCJkZWxldGUiOjEyMDAwMDAwMDAwMDAsInVwZGF0ZSI6MTIwMDAwMDAwMDAwMH19",
          "dependencies": [
            "module.generator_data.google_artifact_registry_repository.repo_generate",
            "module.generator_data.google_pubsub_topic.affected_topic",
            "module.generator_data.google_pubsub_topic.volunteer_topic",
            "module.generator_data.null_resource.build_and_push_docker"
          ]
        }
      ]
    },
    {
      "module": "module.generator_data",
      "mode": "managed",
      "type": "google_pubsub_subscription",
      "name": "affected_sub",
      "provider": "provider[\"registry.terraform.io/hashicorp/google\"]",
      "instances": [
        {
          "schema_version": 0,
          "attributes": {
            "ack_deadline_seconds": 60,
            "bigquery_config": [],
            "cloud_storage_config": [],
            "dead_letter_policy": [],
            "enable_exactly_once_delivery": false,
            "enable_message_ordering": false,
            "expiration_policy": [
              {
                "ttl": "2678400s"
              }
            ],
            "filter": "",
            "id": "projects/edem-2425/subscriptions/affected-sub",
            "labels": null,
            "message_retention_duration": "604800s",
            "name": "affected-sub",
            "project": "edem-2425",
            "push_config": [],
            "retain_acked_messages": false,
            "retry_policy": [],
            "timeouts": null,
            "topic": "projects/edem-2425/topics/affected"
          },
          "sensitive_attributes": [],
          "private": "eyJlMmJmYjczMC1lY2FhLTExZTYtOGY4OC0zNDM2M2JjN2M0YzAiOnsiY3JlYXRlIjoxMjAwMDAwMDAwMDAwLCJkZWxldGUiOjEyMDAwMDAwMDAwMDAsInVwZGF0ZSI6MTIwMDAwMDAwMDAwMH19",
          "dependencies": [
            "module.generator_data.google_pubsub_topic.affected_topic"
          ]
        }
      ]
    },
    {
      "module": "module.generator_data",
      "mode": "managed",
      "type": "google_pubsub_subscription",
      "name": "volunteer_sub",
      "provider": "provider[\"registry.terraform.io/hashicorp/google\"]",
      "instances": [
        {
          "schema_version": 0,
          "attributes": {
            "ack_deadline_seconds": 60,
            "bigquery_config": [],
            "cloud_storage_config": [],
            "dead_letter_policy": [],
            "enable_exactly_once_delivery": false,
            "enable_message_ordering": false,
            "expiration_policy": [
              {
                "ttl": "2678400s"
              }
            ],
            "filter": "",
            "id": "projects/edem-2425/subscriptions/volunteer-sub",
            "labels": null,
            "message_retention_duration": "604800s",
            "name": "volunteer-sub",
            "project": "edem-2425",
            "push_config": [],
            "retain_acked_messages": false,
            "retry_policy": [],
            "timeouts": null,
            "topic": "projects/edem-2425/topics/volunteer"
          },
          "sensitive_attributes": [],
          "private": "eyJlMmJmYjczMC1lY2FhLTExZTYtOGY4OC0zNDM2M2JjN2M0YzAiOnsiY3JlYXRlIjoxMjAwMDAwMDAwMDAwLCJkZWxldGUiOjEyMDAwMDAwMDAwMDAsInVwZGF0ZSI6MTIwMDAwMDAwMDAwMH19",
          "dependencies": [
            "module.generator_data.google_pubsub_topic.volunteer_topic"
          ]
        }
      ]
    },
    {
      "module": "module.generator_data",
      "mode": "managed",
      "type": "google_pubsub_topic",
      "name": "affected_topic",
      "provider": "provider[\"registry.terraform.io/hashicorp/google\"]",
      "instances": [
        {
          "schema_version": 0,
          "attributes": {
            "id": "projects/edem-2425/topics/affected",
            "kms_key_name": "",
            "labels": null,
            "message_retention_duration": "",
            "message_storage_policy": [],
            "name": "affected",
            "project": "edem-2425",
            "schema_settings": [],
            "timeouts": null
          },
          "sensitive_attributes": [],
          "private": "eyJlMmJmYjczMC1lY2FhLTExZTYtOGY4OC0zNDM2M2JjN2M0YzAiOnsiY3JlYXRlIjoxMjAwMDAwMDAwMDAwLCJkZWxldGUiOjEyMDAwMDAwMDAwMDAsInVwZGF0ZSI6MTIwMDAwMDAwMDAwMH19"
        }
      ]
    },
    {
      "module": "module.generator_data",
      "mode": "managed",
      "type": "google_pubsub_topic",
      "name": "volunteer_topic",
      "provider": "provider[\"registry.terraform.io/hashicorp/google\"]",
      "instances": [
        {
          "schema_version": 0,
          "attributes": {
            "id": "projects/edem-2425/topics/volunteer",
            "kms_key_name": "",
            "labels": null,
            "message_retention_duration": "",
            "message_storage_policy": [],
            "name": "volunteer",
            "project": "edem-2425",
            "schema_settings": [],
            "timeouts": null
          },
          "sensitive_attributes": [],
          "private": "eyJlMmJmYjczMC1lY2FhLTExZTYtOGY4OC0zNDM2M2JjN2M0YzAiOnsiY3JlYXRlIjoxMjAwMDAwMDAwMDAwLCJkZWxldGUiOjEyMDAwMDAwMDAwMDAsInVwZGF0ZSI6MTIwMDAwMDAwMDAwMH19"
        }
      ]
    },
    {
      "module": "module.generator_data",
      "mode": "managed",
      "type": "null_resource",
      "name": "build_and_push_docker",
      "provider": "provider[\"registry.terraform.io/hashicorp/null\"]",
      "instances": [
        {
          "schema_version": 0,
          "attributes": {
            "id": "1817600944413668302",
            "triggers": null
          },
          "sensitive_attributes": [],
          "dependencies": [
            "module.generator_data.google_artifact_registry_repository.repo_generate"
          ]
        }
      ]
    },
    {
      "module": "module.streamlit",
      "mode": "managed",
      "type": "google_artifact_registry_repository",
      "name": "repo_streamlit",
      "provider": "provider[\"registry.terraform.io/hashicorp/google\"]",
      "instances": [
        {
          "schema_version": 0,
          "attributes": {
            "create_time": "2025-02-17T19:33:40.841819Z",
            "description": "",
            "docker_config": [],
            "format": "DOCKER",
            "id": "projects/edem-2425/locations/europe-west1/repositories/streamlit-repo",
            "kms_key_name": "",
            "labels": null,
            "location": "europe-west1",
            "maven_config": [],
            "mode": "STANDARD_REPOSITORY",
            "name": "streamlit-repo",
            "project": "edem-2425",
            "remote_repository_config": [],
            "repository_id": "streamlit-repo",
            "timeouts": null,
            "update_time": "2025-02-17T19:33:40.841819Z",
            "virtual_repository_config": []
          },
          "sensitive_attributes": [],
          "private": "eyJlMmJmYjczMC1lY2FhLTExZTYtOGY4OC0zNDM2M2JjN2M0YzAiOnsiY3JlYXRlIjoxMjAwMDAwMDAwMDAwLCJkZWxldGUiOjEyMDAwMDAwMDAwMDAsInVwZGF0ZSI6MTIwMDAwMDAwMDAwMH19"
        }
      ]
    },
    {
      "module": "module.streamlit",
      "mode": "managed",
      "type": "google_cloud_run_service",
      "name": "streamlit_service",
      "provider": "provider[\"registry.terraform.io/hashicorp/google\"]",
      "instances": [
        {
          "schema_version": 1,
          "attributes": {
            "autogenerate_revision_name": false,
            "id": "locations/europe-west1/namespaces/edem-2425/services/streamlit-service",
            "location": "europe-west1",
            "metadata": [
              {
                "annotations": {
                  "run.googleapis.com/ingress": "all",
                  "run.googleapis.com/ingress-status": "all",
                  "run.googleapis.com/operation-id": "e6b54e85-e258-4e76-98fd-b5a496396afc",
                  "run.googleapis.com/urls": "[\"https://streamlit-service-806578128973.europe-west1.run.app\",\"https://streamlit-service-qkrv7jb3wa-ew.a.run.app\"]",
                  "serving.knative.dev/creator": "vvercherg@gmail.com",
                  "serving.knative.dev/lastModifier": "vvercherg@gmail.com"
                },
                "generation": 1,
                "labels": {
                  "cloud.googleapis.com/location": "europe-west1"
                },
                "namespace": "edem-2425",
                "resource_version": "AAYuW54PL64",
                "self_link": "/apis/serving.knative.dev/v1/namespaces/806578128973/services/streamlit-service",
                "uid": "f6fe839f-bc3c-43cf-8d41-d16ed7d54034"
              }
            ],
            "name": "streamlit-service",
            "project": "edem-2425",
            "status": [
              {
                "conditions": [
                  {
                    "message": "",
                    "reason": "",
                    "status": "True",
                    "type": "Ready"
                  },
                  {
                    "message": "",
                    "reason": "",
                    "status": "True",
                    "type": "ConfigurationsReady"
                  },
                  {
                    "message": "",
                    "reason": "",
                    "status": "True",
                    "type": "RoutesReady"
                  }
                ],
                "latest_created_revision_name": "streamlit-service-00001-56v",
                "latest_ready_revision_name": "streamlit-service-00001-56v",
                "observed_generation": 1,
                "traffic": [
                  {
                    "latest_revision": true,
                    "percent": 100,
                    "revision_name": "streamlit-service-00001-56v",
                    "tag": "",
                    "url": ""
                  }
                ],
                "url": "https://streamlit-service-qkrv7jb3wa-ew.a.run.app"
              }
            ],
            "template": [
              {
                "metadata": [
                  {
                    "annotations": {
                      "autoscaling.knative.dev/maxScale": "12"
                    },
                    "generation": 0,
                    "labels": {
                      "run.googleapis.com/startupProbeType": "Default"
                    },
                    "name": "",
                    "namespace": "",
                    "resource_version": "",
                    "self_link": "",
                    "uid": ""
                  }
                ],
                "spec": [
                  {
                    "container_concurrency": 640,
                    "containers": [
                      {
                        "args": null,
                        "command": null,
                        "env": [
                          {
                            "name": "AFFECTED_TOPIC",
                            "value": "affected",
                            "value_from": []
                          },
                          {
                            "name": "BQ_DATASET",
                            "value": "volunteer_matching",
                            "value_from": []
                          },
                          {
                            "name": "BQ_TABLE_UNMATCHED",
                            "value": "unmatched",
                            "value_from": []
                          },
                          {
                            "name": "PROJECT_ID",
                            "value": "edem-2425",
                            "value_from": []
                          },
                          {
                            "name": "VOLUNTEER_TOPIC",
                            "value": "volunteer",
                            "value_from": []
                          }
                        ],
                        "env_from": [],
                        "image": "europe-west1-docker.pkg.dev/edem-2425/streamlit-repo/streamlit-data:latest",
                        "liveness_probe": [],
                        "name": "",
                        "ports": [
                          {
                            "container_port": 8501,
                            "name": "http1",
                            "protocol": ""
                          }
                        ],
                        "resources": [
                          {
                            "limits": {
                              "cpu": "4",
                              "memory": "16Gi"
                            },
                            "requests": null
                          }
                        ],
                        "startup_probe": [
                          {
                            "failure_threshold": 1,
                            "grpc": [],
                            "http_get": [],
                            "initial_delay_seconds": 0,
                            "period_seconds": 240,
                            "tcp_socket": [
                              {
                                "port": 8501
                              }
                            ],
                            "timeout_seconds": 240
                          }
                        ],
                        "volume_mounts": [],
                        "working_dir": ""
                      }
                    ],
                    "service_account_name": "806578128973-compute@developer.gserviceaccount.com",
                    "serving_state": "",
                    "timeout_seconds": 300,
                    "volumes": []
                  }
                ]
              }
            ],
            "timeouts": null,
            "traffic": [
              {
                "latest_revision": true,
                "percent": 100,
                "revision_name": "",
                "tag": "",
                "url": ""
              }
            ]
          },
          "sensitive_attributes": [],
          "private": "eyJlMmJmYjczMC1lY2FhLTExZTYtOGY4OC0zNDM2M2JjN2M0YzAiOnsiY3JlYXRlIjoxMjAwMDAwMDAwMDAwLCJkZWxldGUiOjEyMDAwMDAwMDAwMDAsInVwZGF0ZSI6MTIwMDAwMDAwMDAwMH0sInNjaGVtYV92ZXJzaW9uIjoiMSJ9",
          "dependencies": [
            "module.streamlit.google_artifact_registry_repository.repo_streamlit",
            "module.streamlit.null_resource.build_and_push_docker_streamlit"
          ]
        }
      ]
    },
    {
      "module": "module.streamlit",
      "mode": "managed",
      "type": "google_cloud_run_service_iam_policy",
      "name": "allow_public_access_streamlit",
      "provider": "provider[\"registry.terraform.io/hashicorp/google\"]",
      "instances": [
        {
          "schema_version": 0,
          "attributes": {
            "etag": "BwYuW54ooYw=",
            "id": "v1/projects/edem-2425/locations/europe-west1/services/streamlit-service",
            "location": "europe-west1",
            "policy_data": "{\"bindings\":[{\"members\":[\"allUsers\"],\"role\":\"roles/run.invoker\"}]}",
            "project": "edem-2425",
            "service": "v1/projects/edem-2425/locations/europe-west1/services/streamlit-service"
          },
          "sensitive_attributes": [],
          "private": "bnVsbA==",
          "dependencies": [
            "module.streamlit.google_artifact_registry_repository.repo_streamlit",
            "module.streamlit.google_cloud_run_service.streamlit_service",
            "module.streamlit.null_resource.build_and_push_docker_streamlit"
          ]
        }
      ]
    },
    {
      "module": "module.streamlit",
      "mode": "managed",
      "type": "null_resource",
      "name": "build_and_push_docker_streamlit",
      "provider": "provider[\"registry.terraform.io/hashicorp/null\"]",
      "instances": [
        {
          "schema_version": 0,
          "attributes": {
            "id": "1743243238561349081",
            "triggers": null
          },
          "sensitive_attributes": [],
          "dependencies": [
            "module.streamlit.google_artifact_registry_repository.repo_streamlit"
          ]
        }
      ]
    }
  ],
  "check_results": null
}
